<?xml version="1.0" encoding="utf-8"?>
<Project ToolsVersion="4.0" xmlns="http://schemas.microsoft.com/developer/msbuild/2003">
  <ItemGroup>
    <Filter Include="source">
      <UniqueIdentifier>{25399417-e34d-48e3-8e85-54ed2ca1c617}</UniqueIdentifier>
      <Extensions>cpp;c;cxx;def;odl;idl;hpj;bat;asm</Extensions>
    </Filter>
    <Filter Include="include">
      <UniqueIdentifier>{ae81a50a-3c69-40f4-8c55-81dd8d04fffe}</UniqueIdentifier>
      <Extensions>h;hpp;hxx;hm;inl;inc</Extensions>
    </Filter>
    <Filter Include="resource">
      <UniqueIdentifier>{612a3505-4d7f-4daf-a849-479021f2c035}</UniqueIdentifier>
      <Extensions>rc;ico;cur;bmp;dlg;rc2;rct;bin;rgs;jpg;jpeg;jpe;png;manifest</Extensions>
    </Filter>
  </ItemGroup>
  <ItemGroup>
    <None Include="res\SnakeBattle.ico">
      <Filter>resource</Filter>
    </None>
    <None Include="..\Resources\CloseSelected.png">
      <Filter>resource</Filter>
    </None>
    <None Include="..\Resources\CloseNormal.png">
      <Filter>resource</Filter>
    </None>
    <None Include="..\Resources\HelloWorld.png">
      <Filter>resource</Filter>
    </None>
  </ItemGroup>
  <ItemGroup>
    <ResourceCompile Include="SnakeBattle.rc">
      <Filter>resource</Filter>
    </ResourceCompile>
  </ItemGroup>
  <ItemGroup>
    <ClInclude Include="..\..\testye\Classes\AppDelegate.h">
      <Filter>include</Filter>
    </ClInclude>
    <ClInclude Include="..\..\testye\proj.win32\World.h">
      <Filter>include</Filter>
    </ClInclude>
    <ClInclude Include="..\..\testye\proj.win32\BeginScene.h">
      <Filter>include</Filter>
    </ClInclude>
    <ClInclude Include="..\..\testye\proj.win32\EndScene.h">
      <Filter>include</Filter>
    </ClInclude>
    <ClInclude Include="..\..\testye\Classes\GameScene.h">
      <Filter>include</Filter>
    </ClInclude>
    <ClInclude Include="..\..\testye\proj.win32\InfoScene.h">
      <Filter>include</Filter>
    </ClInclude>
    <ClInclude Include="..\..\testye\proj.win32\main.h">
      <Filter>include</Filter>
    </ClInclude>
    <ClInclude Include="..\..\testye\proj.win32\resource.h">
      <Filter>include</Filter>
    </ClInclude>
    <ClInclude Include="..\..\testye\proj.win32\Snake.h">
      <Filter>include</Filter>
    </ClInclude>
  </ItemGroup>
  <ItemGroup>
    <ClCompile Include="..\..\testye\Classes\AppDelegate.cpp">
      <Filter>source</Filter>
    </ClCompile>
    <ClCompile Include="..\..\testye\proj.win32\World.cpp">
      <Filter>source</Filter>
    </ClCompile>
    <ClCompile Include="..\..\testye\proj.win32\BeginScene.cpp">
      <Filter>source</Filter>
    </ClCompile>
    <ClCompile Include="..\..\testye\proj.win32\EndScene.cpp">
      <Filter>source</Filter>
    </ClCompile>
    <ClCompile Include="..\..\testye\Classes\GameScene.cpp">
      <Filter>source</Filter>
    </ClCompile>
    <ClCompile Include="..\..\testye\proj.win32\InfoScene.cpp">
      <Filter>source</Filter>
    </ClCompile>
    <ClCompile Include="..\..\testye\proj.win32\main.cpp">
      <Filter>source</Filter>
    </ClCompile>
    <ClCompile Include="..\..\testye\proj.win32\Snake.cpp">
      <Filter>source</Filter>
    </ClCompile>
  </ItemGroup>
</Project>